{
	"name": "Node-Gulp-Sass",
	"version": "0.0.1",
	"lockfileVersion": 1,
	"requires": true,
	"dependencies": {
		"beepbeep": {
			"version": "1.2.1",
			"resolved": "https://registry.npmjs.org/beepbeep/-/beepbeep-1.2.1.tgz",
			"integrity": "sha1-83nQMV8gv9ec7sbB3GnpjqDPoso=",
			"dev": true
		},
		"browser-sync": {
			"version": "2.18.12",
			"resolved": "https://registry.npmjs.org/browser-sync/-/browser-sync-2.18.12.tgz",
			"integrity": "sha1-u6oKF6lh4rXwqOdg5pUCcYZmR3k=",
			"dev": true,
			"dependencies": {
				"camelcase": {
					"version": "3.0.0",
					"resolved": "https://registry.npmjs.org/camelcase/-/camelcase-3.0.0.tgz",
					"integrity": "sha1-MvxLn82vhF/N9+c7uXysImHwqwo="
				},
				"qs": {
					"version": "6.2.1",
					"resolved": "https://registry.npmjs.org/qs/-/qs-6.2.1.tgz",
					"integrity": "sha1-zgPF/wk1vB2daanxTL0Y5WjWdiU="
				},
				"window-size": {
					"version": "0.2.0",
					"resolved": "https://registry.npmjs.org/window-size/-/window-size-0.2.0.tgz",
					"integrity": "sha1-tDFbtCFKPXBY6+7okuE/ok2YsHU="
				},
				"yargs": {
					"version": "6.4.0",
					"resolved": "https://registry.npmjs.org/yargs/-/yargs-6.4.0.tgz",
					"integrity": "sha1-gW4ahm1VmMzzTlWW3c4i2S2kkNQ="
				},
				"yargs-parser": {
					"version": "4.2.1",
					"resolved": "https://registry.npmjs.org/yargs-parser/-/yargs-parser-4.2.1.tgz",
					"integrity": "sha1-KczqwNxPA8bIe0qfIX3RjJ90hxw="
				}
			}
		},
		"gulp": {
			"version": "3.9.1",
			"resolved": "https://registry.npmjs.org/gulp/-/gulp-3.9.1.tgz",
			"integrity": "sha1-VxzkWSjdQK9lFPxAEYZgFsE4RbQ=",
			"dev": true
		},
		"gulp-concat": {
			"version": "2.6.1",
			"resolved": "https://registry.npmjs.org/gulp-concat/-/gulp-concat-2.6.1.tgz",
			"integrity": "sha1-Yz0WyV2IUEYorQJmVmPO5aR5M1M=",
			"dev": true,
			"dependencies": {
				"clone-stats": {
					"version": "1.0.0",
					"resolved": "https://registry.npmjs.org/clone-stats/-/clone-stats-1.0.0.tgz",
					"integrity": "sha1-s3gt/4u1R04Yuba/D9/ngvh3doA="
				},
				"replace-ext": {
					"version": "1.0.0",
					"resolved": "https://registry.npmjs.org/replace-ext/-/replace-ext-1.0.0.tgz",
					"integrity": "sha1-3mMSg3P8v3w8z6TeWkgMRaZ5WOs="
				},
				"vinyl": {
					"version": "2.0.2",
					"resolved": "https://registry.npmjs.org/vinyl/-/vinyl-2.0.2.tgz",
					"integrity": "sha1-CjcT2NTpIhxY8QyhbAEWyeJe2nw="
				}
			}
		},
		"gulp-imagemin": {
			"version": "3.3.0",
			"resolved": "https://registry.npmjs.org/gulp-imagemin/-/gulp-imagemin-3.3.0.tgz",
			"integrity": "sha1-xVdkwmBZPoWVYJ5mpAEmkR7yImQ=",
			"dev": true
		},
		"gulp-jshint": {
			"version": "2.0.4",
			"resolved": "https://registry.npmjs.org/gulp-jshint/-/gulp-jshint-2.0.4.tgz",
			"integrity": "sha1-84KxhWSxBy3vDJqvdTwUba208Og=",
			"dev": true,
			"dependencies": {
				"lodash": {
					"version": "4.17.4",
					"resolved": "https://registry.npmjs.org/lodash/-/lodash-4.17.4.tgz",
					"integrity": "sha1-eCA6TRwyiuHYbcpkYONptX9AVa4="
				},
				"minimatch": {
					"version": "3.0.4",
					"resolved": "https://registry.npmjs.org/minimatch/-/minimatch-3.0.4.tgz",
					"integrity": "sha512-yJHVQEhyqPLUTgt9B83PXu6W3rx4MvvHvSUvToogpwoGDOUQ+yDrR0HRot+yOCdCO7u4hX3pWft6kWBBcqh0UA=="
				}
			}
		},
		"gulp-nodemon": {
			"version": "2.2.1",
			"resolved": "https://registry.npmjs.org/gulp-nodemon/-/gulp-nodemon-2.2.1.tgz",
			"integrity": "sha1-2b8Zn1WFRYFZ09KZFT5gtGhotvQ=",
			"dev": true
		},
		"gulp-plumber": {
			"version": "1.1.0",
			"resolved": "https://registry.npmjs.org/gulp-plumber/-/gulp-plumber-1.1.0.tgz",
			"integrity": "sha1-8SF2wtBCL2AwbCQv/2oBo5T6ugk=",
			"dev": true
		},
		"gulp-sass": {
			"version": "3.1.0",
			"resolved": "https://registry.npmjs.org/gulp-sass/-/gulp-sass-3.1.0.tgz",
			"integrity": "sha1-U9xLaKH13f5EJKtMJHZVJpqLdLc=",
			"dev": true
		},
		"gulp-sourcemaps": {
			"version": "2.6.0",
			"resolved": "https://registry.npmjs.org/gulp-sourcemaps/-/gulp-sourcemaps-2.6.0.tgz",
			"integrity": "sha1-fMzomaijv8oVk6M0jQ+/Qd0/UeU=",
			"dev": true,
			"dependencies": {
				"acorn": {
					"version": "4.0.13",
					"resolved": "https://registry.npmjs.org/acorn/-/acorn-4.0.13.tgz",
					"integrity": "sha1-EFSVrlNh1pe9GVyCUZLhrX8lN4c="
				},
				"graceful-fs": {
					"version": "4.1.11",
					"resolved": "https://registry.npmjs.org/graceful-fs/-/graceful-fs-4.1.11.tgz",
					"integrity": "sha1-Dovf5NHduIVNZOBOp8AOKgJuVlg="
				},
				"vinyl": {
					"version": "1.2.0",
					"resolved": "https://registry.npmjs.org/vinyl/-/vinyl-1.2.0.tgz",
					"integrity": "sha1-XIgDbPVl5d8FVYv8kR+GVt8hiIQ="
				}
			}
		},
		"gulp-uglify": {
			"version": "3.0.0",
			"resolved": "https://registry.npmjs.org/gulp-uglify/-/gulp-uglify-3.0.0.tgz",
			"integrity": "sha1-DfAzHXKg0wLj434QlIXd3zPG0co=",
			"dev": true,
			"dependencies": {
				"lodash": {
					"version": "4.17.4",
					"resolved": "https://registry.npmjs.org/lodash/-/lodash-4.17.4.tgz",
					"integrity": "sha1-eCA6TRwyiuHYbcpkYONptX9AVa4="
				}
			}
		},
		"jshint": {
			"version": "2.9.4",
			"resolved": "https://registry.npmjs.org/jshint/-/jshint-2.9.4.tgz",
			"integrity": "sha1-XjupeEjVKQJz21FK7kf+JM9ZKTQ=",
			"dev": true,
			"dependencies": {
				"lodash": {
					"version": "3.7.0",
					"resolved": "https://registry.npmjs.org/lodash/-/lodash-3.7.0.tgz",
					"integrity": "sha1-Nni9irmVBXwHreg27S7wh9qBHUU="
				},
				"minimatch": {
					"version": "3.0.4",
					"resolved": "https://registry.npmjs.org/minimatch/-/minimatch-3.0.4.tgz",
					"integrity": "sha512-yJHVQEhyqPLUTgt9B83PXu6W3rx4MvvHvSUvToogpwoGDOUQ+yDrR0HRot+yOCdCO7u4hX3pWft6kWBBcqh0UA=="
				},
				"strip-json-comments": {
					"version": "1.0.4",
					"resolved": "https://registry.npmjs.org/strip-json-comments/-/strip-json-comments-1.0.4.tgz",
					"integrity": "sha1-HhX7ysl9Pumb8tc7TGVrCCu6+5E="
				}
			}
		},
		"mime": {
			"version": "1.2.11",
			"resolved": "https://registry.npmjs.org/mime/-/mime-1.2.11.tgz",
			"integrity": "sha1-WCA+7Ybjpe8XrtK32evUfwpg3RA="
		}
	}
}
